
Microsoft Visual Studio Solution File, Format Version 12.00
# Visual Studio 15
VisualStudioVersion = 15.0.27703.2035
MinimumVisualStudioVersion = 10.0.40219.1
Project("{FAE04EC0-301F-11D3-BF4B-00C04F79EFBC}") = "NigeWebApp", "NigeWebApp\NigeWebApp.csproj", "{AFC6318C-0DA2-4E2F-8FD6-D3F11DF58EA8}"
EndProject
Global
	GlobalSection(SolutionConfigurationPlatforms) = preSolution
		Debug|Any CPU = Debug|Any CPU
		Release|Any CPU = Release|Any CPU
	EndGlobalSection
	GlobalSection(ProjectConfigurationPlatforms) = postSolution
		{AFC6318C-0DA2-4E2F-8FD6-D3F11DF58EA8}.Debug|Any CPU.ActiveCfg = Debug|Any CPU
		{AFC6318C-0DA2-4E2F-8FD6-D3F11DF58EA8}.Debug|Any CPU.Build.0 = Debug|Any CPU
		{AFC6318C-0DA2-4E2F-8FD6-D3F11DF58EA8}.Release|Any CPU.ActiveCfg = Release|Any CPU
		{AFC6318C-0DA2-4E2F-8FD6-D3F11DF58EA8}.Release|Any CPU.Build.0 = Release|Any CPU
	EndGlobalSection
	GlobalSection(SolutionProperties) = preSolution
		HideSolutionNode = FALSE
	EndGlobalSection
	GlobalSection(ExtensibilityGlobals) = postSolution
		SolutionGuid = {45677D81-BBA5-4584-88D3-F73E0FFCC6AC}
	EndGlobalSection
EndGlobal
